
Microsoft Visual Studio Solution File, Format Version 12.00
# Visual Studio Version 16
VisualStudioVersion = 16.0.29519.87
MinimumVisualStudioVersion = 10.0.40219.1
Project("{FAE04EC0-301F-11D3-BF4B-00C04F79EFBC}") = "Application", "Application\Application.csproj", "{882B57BC-4E88-4B75-A272-8BD87832BAA5}"
EndProject
Project("{FAE04EC0-301F-11D3-BF4B-00C04F79EFBC}") = "Core", "Core\Core.csproj", "{E5C2EF06-DE60-485A-B699-E797C4B945DA}"
EndProject
Project("{FAE04EC0-301F-11D3-BF4B-00C04F79EFBC}") = "Data", "Data\Data.csproj", "{CC9054F2-531F-46FB-85E7-D79B42995D98}"
EndProject
Global
	GlobalSection(SolutionConfigurationPlatforms) = preSolution
		Debug|Any CPU = Debug|Any CPU
		Release|Any CPU = Release|Any CPU
	EndGlobalSection
	GlobalSection(ProjectConfigurationPlatforms) = postSolution
		{882B57BC-4E88-4B75-A272-8BD87832BAA5}.Debug|Any CPU.ActiveCfg = Debug|Any CPU
		{882B57BC-4E88-4B75-A272-8BD87832BAA5}.Debug|Any CPU.Build.0 = Debug|Any CPU
		{882B57BC-4E88-4B75-A272-8BD87832BAA5}.Release|Any CPU.ActiveCfg = Release|Any CPU
		{882B57BC-4E88-4B75-A272-8BD87832BAA5}.Release|Any CPU.Build.0 = Release|Any CPU
		{E5C2EF06-DE60-485A-B699-E797C4B945DA}.Debug|Any CPU.ActiveCfg = Debug|Any CPU
		{E5C2EF06-DE60-485A-B699-E797C4B945DA}.Debug|Any CPU.Build.0 = Debug|Any CPU
		{E5C2EF06-DE60-485A-B699-E797C4B945DA}.Release|Any CPU.ActiveCfg = Release|Any CPU
		{E5C2EF06-DE60-485A-B699-E797C4B945DA}.Release|Any CPU.Build.0 = Release|Any CPU
		{CC9054F2-531F-46FB-85E7-D79B42995D98}.Debug|Any CPU.ActiveCfg = Debug|Any CPU
		{CC9054F2-531F-46FB-85E7-D79B42995D98}.Debug|Any CPU.Build.0 = Debug|Any CPU
		{CC9054F2-531F-46FB-85E7-D79B42995D98}.Release|Any CPU.ActiveCfg = Release|Any CPU
		{CC9054F2-531F-46FB-85E7-D79B42995D98}.Release|Any CPU.Build.0 = Release|Any CPU
	EndGlobalSection
	GlobalSection(SolutionProperties) = preSolution
		HideSolutionNode = FALSE
	EndGlobalSection
	GlobalSection(ExtensibilityGlobals) = postSolution
		SolutionGuid = {322457B7-542D-492D-9B76-94D8D41ED8BE}
	EndGlobalSection
EndGlobal
